# THIS IS AN AUTOGENERATED FILE. DO NOT EDIT THIS FILE DIRECTLY.
# yarn lockfile v1


nodaemon@^0.0.5:
  version "0.0.5"
  resolved "https://registry.yarnpkg.com/nodaemon/-/nodaemon-0.0.5.tgz#450a5450b6eac04227d2ad1da76263c47fdaedea"
  integrity sha512-4rfEhcDMZX/av809P6Yu9mxQf3qQL66fCOrAex+k6HkMnWKDd57IesiT4VCXUK4FTZWQ9MrvSZ76VrKgvSjnDg==
